// !$*UTF8*$!
{
	archiveVersion = 1;
	classes = {
	};
	objectVersion = 56;
	objects = {

/* Begin PBXBuildFile section */
		4FCC591829F8602B003B87A8 /* FeedbackHubApp.swift in Sources */ = {isa = PBXBuildFile; fileRef = 4FCC591729F8602B003B87A8 /* FeedbackHubApp.swift */; };
		4FCC591A29F8602B003B87A8 /* ContentView.swift in Sources */ = {isa = PBXBuildFile; fileRef = 4FCC591929F8602B003B87A8 /* ContentView.swift */; };
		4FCC591C29F8602D003B87A8 /* Assets.xcassets in Resources */ = {isa = PBXBuildFile; fileRef = 4FCC591B29F8602D003B87A8 /* Assets.xcassets */; };
		4FCC592029F8602D003B87A8 /* Preview Assets.xcassets in Resources */ = {isa = PBXBuildFile; fileRef = 4FCC591F29F8602D003B87A8 /* Preview Assets.xcassets */; };
		4FCC592829F8627C003B87A8 /* Main.xcdatamodeld in Sources */ = {isa = PBXBuildFile; fileRef = 4FCC592629F8627C003B87A8 /* Main.xcdatamodeld */; };
		4FCC592A29F86756003B87A8 /* DataController.swift in Sources */ = {isa = PBXBuildFile; fileRef = 4FCC592929F86756003B87A8 /* DataController.swift */; };
		4FCC592C29F9667F003B87A8 /* SideBarView.swift in Sources */ = {isa = PBXBuildFile; fileRef = 4FCC592B29F9667F003B87A8 /* SideBarView.swift */; };
		4FCC592E29F96685003B87A8 /* DetailView.swift in Sources */ = {isa = PBXBuildFile; fileRef = 4FCC592D29F96685003B87A8 /* DetailView.swift */; };
		4FCC593029F96B0C003B87A8 /* Filter.swift in Sources */ = {isa = PBXBuildFile; fileRef = 4FCC592F29F96B0C003B87A8 /* Filter.swift */; };
		4FCC593229FA6E97003B87A8 /* Issue-CoreDataHelper.swift in Sources */ = {isa = PBXBuildFile; fileRef = 4FCC593129FA6E97003B87A8 /* Issue-CoreDataHelper.swift */; };
		4FCC593429FA6E9F003B87A8 /* Tag-CoreDataHelper.swift in Sources */ = {isa = PBXBuildFile; fileRef = 4FCC593329FA6E9F003B87A8 /* Tag-CoreDataHelper.swift */; };
		4FCC59362A0A4508003B87A8 /* IssueRow.swift in Sources */ = {isa = PBXBuildFile; fileRef = 4FCC59352A0A4508003B87A8 /* IssueRow.swift */; };
		4FCC59382A0A51C6003B87A8 /* IssueView.swift in Sources */ = {isa = PBXBuildFile; fileRef = 4FCC59372A0A51C6003B87A8 /* IssueView.swift */; };
		4FCC593A2A0A51D4003B87A8 /* NoIssueView.swift in Sources */ = {isa = PBXBuildFile; fileRef = 4FCC59392A0A51D3003B87A8 /* NoIssueView.swift */; };
		4FCC593C2A0D072D003B87A8 /* Bundle-Decodable.swift in Sources */ = {isa = PBXBuildFile; fileRef = 4FCC593B2A0D072D003B87A8 /* Bundle-Decodable.swift */; };
		4FCC593F2A0D0F26003B87A8 /* Colors.xcassets in Resources */ = {isa = PBXBuildFile; fileRef = 4FCC593D2A0D0F25003B87A8 /* Colors.xcassets */; };
		4FCC59422A0E6D00003B87A8 /* Award.swift in Sources */ = {isa = PBXBuildFile; fileRef = 4FCC59412A0E6D00003B87A8 /* Award.swift */; };
		4FCC59442A0E6DD0003B87A8 /* AwardsView.swift in Sources */ = {isa = PBXBuildFile; fileRef = 4FCC59432A0E6DD0003B87A8 /* AwardsView.swift */; };
		4FCC59492A13ADD3003B87A8 /* Localizable.strings in Resources */ = {isa = PBXBuildFile; fileRef = 4FCC594B2A13ADD3003B87A8 /* Localizable.strings */; };
		4FCC594D2A13AE53003B87A8 /* Localizable.stringsdict in Resources */ = {isa = PBXBuildFile; fileRef = 4FCC594F2A13AE53003B87A8 /* Localizable.stringsdict */; };
		4FCC59512A13AF11003B87A8 /* Awards.json in Resources */ = {isa = PBXBuildFile; fileRef = 4FCC59532A13AF11003B87A8 /* Awards.json */; };
		4FCC59B32A1E6167003B87A8 /* SideBarViewToolbar.swift in Sources */ = {isa = PBXBuildFile; fileRef = 4FCC59B22A1E6167003B87A8 /* SideBarViewToolbar.swift */; };
		4FCC59B52A1E6845003B87A8 /* IssueViewToolbar.swift in Sources */ = {isa = PBXBuildFile; fileRef = 4FCC59B42A1E6845003B87A8 /* IssueViewToolbar.swift */; };
		4FCC59B72A1E68E3003B87A8 /* ContentViewToolbar.swift in Sources */ = {isa = PBXBuildFile; fileRef = 4FCC59B62A1E68E3003B87A8 /* ContentViewToolbar.swift */; };
		4FCC59B92A1E79D6003B87A8 /* TagsMenuView.swift in Sources */ = {isa = PBXBuildFile; fileRef = 4FCC59B82A1E79D6003B87A8 /* TagsMenuView.swift */; };
		4FCC59BB2A1E7AD8003B87A8 /* SmartFilterRow.swift in Sources */ = {isa = PBXBuildFile; fileRef = 4FCC59BA2A1E7AD8003B87A8 /* SmartFilterRow.swift */; };
		4FCC59BD2A1E7CC9003B87A8 /* UserFilterRow.swift in Sources */ = {isa = PBXBuildFile; fileRef = 4FCC59BC2A1E7CC9003B87A8 /* UserFilterRow.swift */; };
/* End PBXBuildFile section */

/* Begin PBXFileReference section */
		4FCC591429F8602B003B87A8 /* FeedbackHub.app */ = {isa = PBXFileReference; explicitFileType = wrapper.application; includeInIndex = 0; path = FeedbackHub.app; sourceTree = BUILT_PRODUCTS_DIR; };
		4FCC591729F8602B003B87A8 /* FeedbackHubApp.swift */ = {isa = PBXFileReference; lastKnownFileType = sourcecode.swift; path = FeedbackHubApp.swift; sourceTree = "<group>"; };
		4FCC591929F8602B003B87A8 /* ContentView.swift */ = {isa = PBXFileReference; lastKnownFileType = sourcecode.swift; path = ContentView.swift; sourceTree = "<group>"; };
		4FCC591B29F8602D003B87A8 /* Assets.xcassets */ = {isa = PBXFileReference; lastKnownFileType = folder.assetcatalog; path = Assets.xcassets; sourceTree = "<group>"; };
		4FCC591D29F8602D003B87A8 /* FeedbackHub.entitlements */ = {isa = PBXFileReference; lastKnownFileType = text.plist.entitlements; path = FeedbackHub.entitlements; sourceTree = "<group>"; };
		4FCC591F29F8602D003B87A8 /* Preview Assets.xcassets */ = {isa = PBXFileReference; lastKnownFileType = folder.assetcatalog; path = "Preview Assets.xcassets"; sourceTree = "<group>"; };
		4FCC592729F8627C003B87A8 /* Main.xcdatamodel */ = {isa = PBXFileReference; lastKnownFileType = wrapper.xcdatamodel; path = Main.xcdatamodel; sourceTree = "<group>"; };
		4FCC592929F86756003B87A8 /* DataController.swift */ = {isa = PBXFileReference; lastKnownFileType = sourcecode.swift; path = DataController.swift; sourceTree = "<group>"; };
		4FCC592B29F9667F003B87A8 /* SideBarView.swift */ = {isa = PBXFileReference; lastKnownFileType = sourcecode.swift; path = SideBarView.swift; sourceTree = "<group>"; };
		4FCC592D29F96685003B87A8 /* DetailView.swift */ = {isa = PBXFileReference; lastKnownFileType = sourcecode.swift; path = DetailView.swift; sourceTree = "<group>"; };
		4FCC592F29F96B0C003B87A8 /* Filter.swift */ = {isa = PBXFileReference; lastKnownFileType = sourcecode.swift; path = Filter.swift; sourceTree = "<group>"; };
		4FCC593129FA6E97003B87A8 /* Issue-CoreDataHelper.swift */ = {isa = PBXFileReference; lastKnownFileType = sourcecode.swift; path = "Issue-CoreDataHelper.swift"; sourceTree = "<group>"; };
		4FCC593329FA6E9F003B87A8 /* Tag-CoreDataHelper.swift */ = {isa = PBXFileReference; lastKnownFileType = sourcecode.swift; path = "Tag-CoreDataHelper.swift"; sourceTree = "<group>"; };
		4FCC59352A0A4508003B87A8 /* IssueRow.swift */ = {isa = PBXFileReference; lastKnownFileType = sourcecode.swift; path = IssueRow.swift; sourceTree = "<group>"; };
		4FCC59372A0A51C6003B87A8 /* IssueView.swift */ = {isa = PBXFileReference; lastKnownFileType = sourcecode.swift; path = IssueView.swift; sourceTree = "<group>"; };
		4FCC59392A0A51D3003B87A8 /* NoIssueView.swift */ = {isa = PBXFileReference; lastKnownFileType = sourcecode.swift; path = NoIssueView.swift; sourceTree = "<group>"; };
		4FCC593B2A0D072D003B87A8 /* Bundle-Decodable.swift */ = {isa = PBXFileReference; lastKnownFileType = sourcecode.swift; path = "Bundle-Decodable.swift"; sourceTree = SOURCE_ROOT; };
		4FCC593D2A0D0F25003B87A8 /* Colors.xcassets */ = {isa = PBXFileReference; lastKnownFileType = folder.assetcatalog; path = Colors.xcassets; sourceTree = "<group>"; };
		4FCC59412A0E6D00003B87A8 /* Award.swift */ = {isa = PBXFileReference; lastKnownFileType = sourcecode.swift; path = Award.swift; sourceTree = "<group>"; };
		4FCC59432A0E6DD0003B87A8 /* AwardsView.swift */ = {isa = PBXFileReference; lastKnownFileType = sourcecode.swift; path = AwardsView.swift; sourceTree = "<group>"; };
		4FCC594A2A13ADD3003B87A8 /* en */ = {isa = PBXFileReference; lastKnownFileType = text.plist.strings; name = en; path = en.lproj/Localizable.strings; sourceTree = "<group>"; };
		4FCC594C2A13ADEB003B87A8 /* pl */ = {isa = PBXFileReference; lastKnownFileType = text.plist.strings; name = pl; path = pl.lproj/Localizable.strings; sourceTree = "<group>"; };
		4FCC594E2A13AE53003B87A8 /* en */ = {isa = PBXFileReference; lastKnownFileType = text.plist.stringsdict; name = en; path = en.lproj/Localizable.stringsdict; sourceTree = "<group>"; };
		4FCC59502A13AE5B003B87A8 /* pl */ = {isa = PBXFileReference; lastKnownFileType = text.plist.stringsdict; name = pl; path = pl.lproj/Localizable.stringsdict; sourceTree = "<group>"; };
		4FCC59522A13AF11003B87A8 /* en */ = {isa = PBXFileReference; lastKnownFileType = text.json; name = en; path = en.lproj/Awards.json; sourceTree = "<group>"; };
		4FCC59542A13AF13003B87A8 /* pl */ = {isa = PBXFileReference; lastKnownFileType = text.json; name = pl; path = pl.lproj/Awards.json; sourceTree = "<group>"; };
		4FCC59B22A1E6167003B87A8 /* SideBarViewToolbar.swift */ = {isa = PBXFileReference; lastKnownFileType = sourcecode.swift; path = SideBarViewToolbar.swift; sourceTree = "<group>"; };
		4FCC59B42A1E6845003B87A8 /* IssueViewToolbar.swift */ = {isa = PBXFileReference; lastKnownFileType = sourcecode.swift; path = IssueViewToolbar.swift; sourceTree = "<group>"; };
		4FCC59B62A1E68E3003B87A8 /* ContentViewToolbar.swift */ = {isa = PBXFileReference; lastKnownFileType = sourcecode.swift; path = ContentViewToolbar.swift; sourceTree = "<group>"; };
		4FCC59B82A1E79D6003B87A8 /* TagsMenuView.swift */ = {isa = PBXFileReference; lastKnownFileType = sourcecode.swift; path = TagsMenuView.swift; sourceTree = "<group>"; };
		4FCC59BA2A1E7AD8003B87A8 /* SmartFilterRow.swift */ = {isa = PBXFileReference; lastKnownFileType = sourcecode.swift; path = SmartFilterRow.swift; sourceTree = "<group>"; };
		4FCC59BC2A1E7CC9003B87A8 /* UserFilterRow.swift */ = {isa = PBXFileReference; lastKnownFileType = sourcecode.swift; path = UserFilterRow.swift; sourceTree = "<group>"; };
/* End PBXFileReference section */

/* Begin PBXFrameworksBuildPhase section */
		4FCC591129F8602B003B87A8 /* Frameworks */ = {
			isa = PBXFrameworksBuildPhase;
			buildActionMask = 2147483647;
			files = (
			);
			runOnlyForDeploymentPostprocessing = 0;
		};
/* End PBXFrameworksBuildPhase section */

/* Begin PBXGroup section */
		4FCC590B29F8602B003B87A8 = {
			isa = PBXGroup;
			children = (
				4FCC591629F8602B003B87A8 /* FeedbackHub */,
				4FCC591529F8602B003B87A8 /* Products */,
			);
			sourceTree = "<group>";
		};
		4FCC591529F8602B003B87A8 /* Products */ = {
			isa = PBXGroup;
			children = (
				4FCC591429F8602B003B87A8 /* FeedbackHub.app */,
			);
			name = Products;
			sourceTree = "<group>";
		};
		4FCC591629F8602B003B87A8 /* FeedbackHub */ = {
			isa = PBXGroup;
			children = (
				4FCC593B2A0D072D003B87A8 /* Bundle-Decodable.swift */,
				4FCC59412A0E6D00003B87A8 /* Award.swift */,
				4FCC59BC2A1E7CC9003B87A8 /* UserFilterRow.swift */,
				4FCC59432A0E6DD0003B87A8 /* AwardsView.swift */,
				4FCC591729F8602B003B87A8 /* FeedbackHubApp.swift */,
				4FCC59352A0A4508003B87A8 /* IssueRow.swift */,
				4FCC591929F8602B003B87A8 /* ContentView.swift */,
				4FCC59B62A1E68E3003B87A8 /* ContentViewToolbar.swift */,
				4FCC592929F86756003B87A8 /* DataController.swift */,
				4FCC592F29F96B0C003B87A8 /* Filter.swift */,
				4FCC592B29F9667F003B87A8 /* SideBarView.swift */,
				4FCC59B22A1E6167003B87A8 /* SideBarViewToolbar.swift */,
				4FCC593129FA6E97003B87A8 /* Issue-CoreDataHelper.swift */,
				4FCC593329FA6E9F003B87A8 /* Tag-CoreDataHelper.swift */,
				4FCC594B2A13ADD3003B87A8 /* Localizable.strings */,
				4FCC594F2A13AE53003B87A8 /* Localizable.stringsdict */,
				4FCC59372A0A51C6003B87A8 /* IssueView.swift */,
				4FCC59B82A1E79D6003B87A8 /* TagsMenuView.swift */,
				4FCC59B42A1E6845003B87A8 /* IssueViewToolbar.swift */,
				4FCC59BA2A1E7AD8003B87A8 /* SmartFilterRow.swift */,
				4FCC59392A0A51D3003B87A8 /* NoIssueView.swift */,
				4FCC592D29F96685003B87A8 /* DetailView.swift */,
				4FCC59532A13AF11003B87A8 /* Awards.json */,
				4FCC592629F8627C003B87A8 /* Main.xcdatamodeld */,
				4FCC593D2A0D0F25003B87A8 /* Colors.xcassets */,
				4FCC591B29F8602D003B87A8 /* Assets.xcassets */,
				4FCC591D29F8602D003B87A8 /* FeedbackHub.entitlements */,
				4FCC591E29F8602D003B87A8 /* Preview Content */,
			);
			path = FeedbackHub;
			sourceTree = "<group>";
		};
		4FCC591E29F8602D003B87A8 /* Preview Content */ = {
			isa = PBXGroup;
			children = (
				4FCC591F29F8602D003B87A8 /* Preview Assets.xcassets */,
			);
			path = "Preview Content";
			sourceTree = "<group>";
		};
/* End PBXGroup section */

/* Begin PBXNativeTarget section */
		4FCC591329F8602B003B87A8 /* FeedbackHub */ = {
			isa = PBXNativeTarget;
			buildConfigurationList = 4FCC592329F8602D003B87A8 /* Build configuration list for PBXNativeTarget "FeedbackHub" */;
			buildPhases = (
				4FCC591029F8602B003B87A8 /* Sources */,
				4FCC591129F8602B003B87A8 /* Frameworks */,
				4FCC591229F8602B003B87A8 /* Resources */,
				4F558C5D2A23E99400F18C66 /* SwiftLint */,
			);
			buildRules = (
			);
			dependencies = (
			);
			name = FeedbackHub;
			productName = FeedbackHub;
			productReference = 4FCC591429F8602B003B87A8 /* FeedbackHub.app */;
			productType = "com.apple.product-type.application";
		};
/* End PBXNativeTarget section */

/* Begin PBXProject section */
		4FCC590C29F8602B003B87A8 /* Project object */ = {
			isa = PBXProject;
			attributes = {
				BuildIndependentTargetsInParallel = 1;
				LastSwiftUpdateCheck = 1430;
				LastUpgradeCheck = 1430;
				TargetAttributes = {
					4FCC591329F8602B003B87A8 = {
						CreatedOnToolsVersion = 14.3;
					};
				};
			};
			buildConfigurationList = 4FCC590F29F8602B003B87A8 /* Build configuration list for PBXProject "FeedbackHub" */;
			compatibilityVersion = "Xcode 14.0";
			developmentRegion = en;
			hasScannedForEncodings = 0;
			knownRegions = (
				en,
				Base,
				pl,
			);
			mainGroup = 4FCC590B29F8602B003B87A8;
			productRefGroup = 4FCC591529F8602B003B87A8 /* Products */;
			projectDirPath = "";
			projectRoot = "";
			targets = (
				4FCC591329F8602B003B87A8 /* FeedbackHub */,
			);
		};
/* End PBXProject section */

/* Begin PBXResourcesBuildPhase section */
		4FCC591229F8602B003B87A8 /* Resources */ = {
			isa = PBXResourcesBuildPhase;
			buildActionMask = 2147483647;
			files = (
				4FCC59492A13ADD3003B87A8 /* Localizable.strings in Resources */,
				4FCC593F2A0D0F26003B87A8 /* Colors.xcassets in Resources */,
				4FCC59512A13AF11003B87A8 /* Awards.json in Resources */,
				4FCC592029F8602D003B87A8 /* Preview Assets.xcassets in Resources */,
				4FCC591C29F8602D003B87A8 /* Assets.xcassets in Resources */,
				4FCC594D2A13AE53003B87A8 /* Localizable.stringsdict in Resources */,
			);
			runOnlyForDeploymentPostprocessing = 0;
		};
/* End PBXResourcesBuildPhase section */

/* Begin PBXShellScriptBuildPhase section */
		4F558C5D2A23E99400F18C66 /* SwiftLint */ = {
			isa = PBXShellScriptBuildPhase;
			alwaysOutOfDate = 1;
			buildActionMask = 2147483647;
			files = (
			);
			inputFileListPaths = (
			);
			inputPaths = (
			);
			name = SwiftLint;
			outputFileListPaths = (
			);
			outputPaths = (
			);
			runOnlyForDeploymentPostprocessing = 0;
			shellPath = /bin/sh;
			shellScript = "if [[ \"$(uname -m)\" == arm64 ]]; then\n    export PATH=\"/opt/homebrew/bin:$PATH\"\nfi\n\nif which swiftlint > /dev/null; then\n  swiftlint\nelse\n  echo \"warning: SwiftLint not installed, download from https://github.com/realm/SwiftLint\"\nfi\n";
		};
/* End PBXShellScriptBuildPhase section */

/* Begin PBXSourcesBuildPhase section */
		4FCC591029F8602B003B87A8 /* Sources */ = {
			isa = PBXSourcesBuildPhase;
			buildActionMask = 2147483647;
			files = (
				4FCC593029F96B0C003B87A8 /* Filter.swift in Sources */,
				4FCC59B92A1E79D6003B87A8 /* TagsMenuView.swift in Sources */,
				4FCC59422A0E6D00003B87A8 /* Award.swift in Sources */,
				4FCC59B52A1E6845003B87A8 /* IssueViewToolbar.swift in Sources */,
				4FCC59BB2A1E7AD8003B87A8 /* SmartFilterRow.swift in Sources */,
				4FCC59442A0E6DD0003B87A8 /* AwardsView.swift in Sources */,
				4FCC592829F8627C003B87A8 /* Main.xcdatamodeld in Sources */,
				4FCC592E29F96685003B87A8 /* DetailView.swift in Sources */,
				4FCC592A29F86756003B87A8 /* DataController.swift in Sources */,
				4FCC593C2A0D072D003B87A8 /* Bundle-Decodable.swift in Sources */,
				4FCC591A29F8602B003B87A8 /* ContentView.swift in Sources */,
				4FCC592C29F9667F003B87A8 /* SideBarView.swift in Sources */,
				4FCC593229FA6E97003B87A8 /* Issue-CoreDataHelper.swift in Sources */,
				4FCC593429FA6E9F003B87A8 /* Tag-CoreDataHelper.swift in Sources */,
				4FCC59B32A1E6167003B87A8 /* SideBarViewToolbar.swift in Sources */,
				4FCC59B72A1E68E3003B87A8 /* ContentViewToolbar.swift in Sources */,
				4FCC59382A0A51C6003B87A8 /* IssueView.swift in Sources */,
				4FCC59BD2A1E7CC9003B87A8 /* UserFilterRow.swift in Sources */,
				4FCC593A2A0A51D4003B87A8 /* NoIssueView.swift in Sources */,
				4FCC59362A0A4508003B87A8 /* IssueRow.swift in Sources */,
				4FCC591829F8602B003B87A8 /* FeedbackHubApp.swift in Sources */,
			);
			runOnlyForDeploymentPostprocessing = 0;
		};
/* End PBXSourcesBuildPhase section */

/* Begin PBXVariantGroup section */
		4FCC594B2A13ADD3003B87A8 /* Localizable.strings */ = {
			isa = PBXVariantGroup;
			children = (
				4FCC594A2A13ADD3003B87A8 /* en */,
				4FCC594C2A13ADEB003B87A8 /* pl */,
			);
			name = Localizable.strings;
			sourceTree = "<group>";
		};
		4FCC594F2A13AE53003B87A8 /* Localizable.stringsdict */ = {
			isa = PBXVariantGroup;
			children = (
				4FCC594E2A13AE53003B87A8 /* en */,
				4FCC59502A13AE5B003B87A8 /* pl */,
			);
			name = Localizable.stringsdict;
			sourceTree = "<group>";
		};
		4FCC59532A13AF11003B87A8 /* Awards.json */ = {
			isa = PBXVariantGroup;
			children = (
				4FCC59522A13AF11003B87A8 /* en */,
				4FCC59542A13AF13003B87A8 /* pl */,
			);
			name = Awards.json;
			sourceTree = "<group>";
		};
/* End PBXVariantGroup section */

/* Begin XCBuildConfiguration section */
		4FCC592129F8602D003B87A8 /* Debug */ = {
			isa = XCBuildConfiguration;
			buildSettings = {
				ALWAYS_SEARCH_USER_PATHS = NO;
				CLANG_ANALYZER_NONNULL = YES;
				CLANG_ANALYZER_NUMBER_OBJECT_CONVERSION = YES_AGGRESSIVE;
				CLANG_CXX_LANGUAGE_STANDARD = "gnu++20";
				CLANG_ENABLE_MODULES = YES;
				CLANG_ENABLE_OBJC_ARC = YES;
				CLANG_ENABLE_OBJC_WEAK = YES;
				CLANG_WARN_BLOCK_CAPTURE_AUTORELEASING = YES;
				CLANG_WARN_BOOL_CONVERSION = YES;
				CLANG_WARN_COMMA = YES;
				CLANG_WARN_CONSTANT_CONVERSION = YES;
				CLANG_WARN_DEPRECATED_OBJC_IMPLEMENTATIONS = YES;
				CLANG_WARN_DIRECT_OBJC_ISA_USAGE = YES_ERROR;
				CLANG_WARN_DOCUMENTATION_COMMENTS = YES;
				CLANG_WARN_EMPTY_BODY = YES;
				CLANG_WARN_ENUM_CONVERSION = YES;
				CLANG_WARN_INFINITE_RECURSION = YES;
				CLANG_WARN_INT_CONVERSION = YES;
				CLANG_WARN_NON_LITERAL_NULL_CONVERSION = YES;
				CLANG_WARN_OBJC_IMPLICIT_RETAIN_SELF = YES;
				CLANG_WARN_OBJC_LITERAL_CONVERSION = YES;
				CLANG_WARN_OBJC_ROOT_CLASS = YES_ERROR;
				CLANG_WARN_QUOTED_INCLUDE_IN_FRAMEWORK_HEADER = YES;
				CLANG_WARN_RANGE_LOOP_ANALYSIS = YES;
				CLANG_WARN_STRICT_PROTOTYPES = YES;
				CLANG_WARN_SUSPICIOUS_MOVE = YES;
				CLANG_WARN_UNGUARDED_AVAILABILITY = YES_AGGRESSIVE;
				CLANG_WARN_UNREACHABLE_CODE = YES;
				CLANG_WARN__DUPLICATE_METHOD_MATCH = YES;
				COPY_PHASE_STRIP = NO;
				DEBUG_INFORMATION_FORMAT = dwarf;
				ENABLE_STRICT_OBJC_MSGSEND = YES;
				ENABLE_TESTABILITY = YES;
				GCC_C_LANGUAGE_STANDARD = gnu11;
				GCC_DYNAMIC_NO_PIC = NO;
				GCC_NO_COMMON_BLOCKS = YES;
				GCC_OPTIMIZATION_LEVEL = 0;
				GCC_PREPROCESSOR_DEFINITIONS = (
					"DEBUG=1",
					"$(inherited)",
				);
				GCC_WARN_64_TO_32_BIT_CONVERSION = YES;
				GCC_WARN_ABOUT_RETURN_TYPE = YES_ERROR;
				GCC_WARN_UNDECLARED_SELECTOR = YES;
				GCC_WARN_UNINITIALIZED_AUTOS = YES_AGGRESSIVE;
				GCC_WARN_UNUSED_FUNCTION = YES;
				GCC_WARN_UNUSED_VARIABLE = YES;
				MTL_ENABLE_DEBUG_INFO = INCLUDE_SOURCE;
				MTL_FAST_MATH = YES;
				ONLY_ACTIVE_ARCH = YES;
				SWIFT_ACTIVE_COMPILATION_CONDITIONS = DEBUG;
				SWIFT_OPTIMIZATION_LEVEL = "-Onone";
			};
			name = Debug;
		};
		4FCC592229F8602D003B87A8 /* Release */ = {
			isa = XCBuildConfiguration;
			buildSettings = {
				ALWAYS_SEARCH_USER_PATHS = NO;
				CLANG_ANALYZER_NONNULL = YES;
				CLANG_ANALYZER_NUMBER_OBJECT_CONVERSION = YES_AGGRESSIVE;
				CLANG_CXX_LANGUAGE_STANDARD = "gnu++20";
				CLANG_ENABLE_MODULES = YES;
				CLANG_ENABLE_OBJC_ARC = YES;
				CLANG_ENABLE_OBJC_WEAK = YES;
				CLANG_WARN_BLOCK_CAPTURE_AUTORELEASING = YES;
				CLANG_WARN_BOOL_CONVERSION = YES;
				CLANG_WARN_COMMA = YES;
				CLANG_WARN_CONSTANT_CONVERSION = YES;
				CLANG_WARN_DEPRECATED_OBJC_IMPLEMENTATIONS = YES;
				CLANG_WARN_DIRECT_OBJC_ISA_USAGE = YES_ERROR;
				CLANG_WARN_DOCUMENTATION_COMMENTS = YES;
				CLANG_WARN_EMPTY_BODY = YES;
				CLANG_WARN_ENUM_CONVERSION = YES;
				CLANG_WARN_INFINITE_RECURSION = YES;
				CLANG_WARN_INT_CONVERSION = YES;
				CLANG_WARN_NON_LITERAL_NULL_CONVERSION = YES;
				CLANG_WARN_OBJC_IMPLICIT_RETAIN_SELF = YES;
				CLANG_WARN_OBJC_LITERAL_CONVERSION = YES;
				CLANG_WARN_OBJC_ROOT_CLASS = YES_ERROR;
				CLANG_WARN_QUOTED_INCLUDE_IN_FRAMEWORK_HEADER = YES;
				CLANG_WARN_RANGE_LOOP_ANALYSIS = YES;
				CLANG_WARN_STRICT_PROTOTYPES = YES;
				CLANG_WARN_SUSPICIOUS_MOVE = YES;
				CLANG_WARN_UNGUARDED_AVAILABILITY = YES_AGGRESSIVE;
				CLANG_WARN_UNREACHABLE_CODE = YES;
				CLANG_WARN__DUPLICATE_METHOD_MATCH = YES;
				COPY_PHASE_STRIP = NO;
				DEBUG_INFORMATION_FORMAT = "dwarf-with-dsym";
				ENABLE_NS_ASSERTIONS = NO;
				ENABLE_STRICT_OBJC_MSGSEND = YES;
				GCC_C_LANGUAGE_STANDARD = gnu11;
				GCC_NO_COMMON_BLOCKS = YES;
				GCC_WARN_64_TO_32_BIT_CONVERSION = YES;
				GCC_WARN_ABOUT_RETURN_TYPE = YES_ERROR;
				GCC_WARN_UNDECLARED_SELECTOR = YES;
				GCC_WARN_UNINITIALIZED_AUTOS = YES_AGGRESSIVE;
				GCC_WARN_UNUSED_FUNCTION = YES;
				GCC_WARN_UNUSED_VARIABLE = YES;
				MTL_ENABLE_DEBUG_INFO = NO;
				MTL_FAST_MATH = YES;
				SWIFT_COMPILATION_MODE = wholemodule;
				SWIFT_OPTIMIZATION_LEVEL = "-O";
			};
			name = Release;
		};
		4FCC592429F8602D003B87A8 /* Debug */ = {
			isa = XCBuildConfiguration;
			buildSettings = {
				ASSETCATALOG_COMPILER_APPICON_NAME = AppIcon;
				ASSETCATALOG_COMPILER_GLOBAL_ACCENT_COLOR_NAME = AccentColor;
				CODE_SIGN_ENTITLEMENTS = FeedbackHub/FeedbackHub.entitlements;
				CODE_SIGN_STYLE = Automatic;
				CURRENT_PROJECT_VERSION = 1;
				DEVELOPMENT_ASSET_PATHS = "\"FeedbackHub/Preview Content\"";
				DEVELOPMENT_TEAM = 668XK42474;
				ENABLE_HARDENED_RUNTIME = YES;
				ENABLE_PREVIEWS = YES;
				GENERATE_INFOPLIST_FILE = YES;
				"INFOPLIST_KEY_UIApplicationSceneManifest_Generation[sdk=iphoneos*]" = YES;
				"INFOPLIST_KEY_UIApplicationSceneManifest_Generation[sdk=iphonesimulator*]" = YES;
				"INFOPLIST_KEY_UIApplicationSupportsIndirectInputEvents[sdk=iphoneos*]" = YES;
				"INFOPLIST_KEY_UIApplicationSupportsIndirectInputEvents[sdk=iphonesimulator*]" = YES;
				"INFOPLIST_KEY_UILaunchScreen_Generation[sdk=iphoneos*]" = YES;
				"INFOPLIST_KEY_UILaunchScreen_Generation[sdk=iphonesimulator*]" = YES;
				"INFOPLIST_KEY_UIStatusBarStyle[sdk=iphoneos*]" = UIStatusBarStyleDefault;
				"INFOPLIST_KEY_UIStatusBarStyle[sdk=iphonesimulator*]" = UIStatusBarStyleDefault;
				INFOPLIST_KEY_UISupportedInterfaceOrientations_iPad = "UIInterfaceOrientationPortrait UIInterfaceOrientationPortraitUpsideDown UIInterfaceOrientationLandscapeLeft UIInterfaceOrientationLandscapeRight";
				INFOPLIST_KEY_UISupportedInterfaceOrientations_iPhone = "UIInterfaceOrientationPortrait UIInterfaceOrientationLandscapeLeft UIInterfaceOrientationLandscapeRight";
				IPHONEOS_DEPLOYMENT_TARGET = 16.4;
				LD_RUNPATH_SEARCH_PATHS = "@executable_path/Frameworks";
				"LD_RUNPATH_SEARCH_PATHS[sdk=macosx*]" = "@executable_path/../Frameworks";
				MACOSX_DEPLOYMENT_TARGET = 13.0;
				MARKETING_VERSION = 1.0;
				PRODUCT_BUNDLE_IDENTIFIER = com.hackingwithswiftui.FeedbackHub;
				PRODUCT_NAME = "$(TARGET_NAME)";
				SDKROOT = auto;
				SUPPORTED_PLATFORMS = "iphoneos iphonesimulator macosx";
				SWIFT_EMIT_LOC_STRINGS = YES;
				SWIFT_VERSION = 5.0;
				TARGETED_DEVICE_FAMILY = "1,2";
			};
			name = Debug;
		};
		4FCC592529F8602D003B87A8 /* Release */ = {
			isa = XCBuildConfiguration;
			buildSettings = {
				ASSETCATALOG_COMPILER_APPICON_NAME = AppIcon;
				ASSETCATALOG_COMPILER_GLOBAL_ACCENT_COLOR_NAME = AccentColor;
				CODE_SIGN_ENTITLEMENTS = FeedbackHub/FeedbackHub.entitlements;
				CODE_SIGN_STYLE = Automatic;
				CURRENT_PROJECT_VERSION = 1;
				DEVELOPMENT_ASSET_PATHS = "\"FeedbackHub/Preview Content\"";
				DEVELOPMENT_TEAM = 668XK42474;
				ENABLE_HARDENED_RUNTIME = YES;
				ENABLE_PREVIEWS = YES;
				GENERATE_INFOPLIST_FILE = YES;
				"INFOPLIST_KEY_UIApplicationSceneManifest_Generation[sdk=iphoneos*]" = YES;
				"INFOPLIST_KEY_UIApplicationSceneManifest_Generation[sdk=iphonesimulator*]" = YES;
				"INFOPLIST_KEY_UIApplicationSupportsIndirectInputEvents[sdk=iphoneos*]" = YES;
				"INFOPLIST_KEY_UIApplicationSupportsIndirectInputEvents[sdk=iphonesimulator*]" = YES;
				"INFOPLIST_KEY_UILaunchScreen_Generation[sdk=iphoneos*]" = YES;
				"INFOPLIST_KEY_UILaunchScreen_Generation[sdk=iphonesimulator*]" = YES;
				"INFOPLIST_KEY_UIStatusBarStyle[sdk=iphoneos*]" = UIStatusBarStyleDefault;
				"INFOPLIST_KEY_UIStatusBarStyle[sdk=iphonesimulator*]" = UIStatusBarStyleDefault;
				INFOPLIST_KEY_UISupportedInterfaceOrientations_iPad = "UIInterfaceOrientationPortrait UIInterfaceOrientationPortraitUpsideDown UIInterfaceOrientationLandscapeLeft UIInterfaceOrientationLandscapeRight";
				INFOPLIST_KEY_UISupportedInterfaceOrientations_iPhone = "UIInterfaceOrientationPortrait UIInterfaceOrientationLandscapeLeft UIInterfaceOrientationLandscapeRight";
				IPHONEOS_DEPLOYMENT_TARGET = 16.4;
				LD_RUNPATH_SEARCH_PATHS = "@executable_path/Frameworks";
				"LD_RUNPATH_SEARCH_PATHS[sdk=macosx*]" = "@executable_path/../Frameworks";
				MACOSX_DEPLOYMENT_TARGET = 13.0;
				MARKETING_VERSION = 1.0;
				PRODUCT_BUNDLE_IDENTIFIER = com.hackingwithswiftui.FeedbackHub;
				PRODUCT_NAME = "$(TARGET_NAME)";
				SDKROOT = auto;
				SUPPORTED_PLATFORMS = "iphoneos iphonesimulator macosx";
				SWIFT_EMIT_LOC_STRINGS = YES;
				SWIFT_VERSION = 5.0;
				TARGETED_DEVICE_FAMILY = "1,2";
			};
			name = Release;
		};
/* End XCBuildConfiguration section */

/* Begin XCConfigurationList section */
		4FCC590F29F8602B003B87A8 /* Build configuration list for PBXProject "FeedbackHub" */ = {
			isa = XCConfigurationList;
			buildConfigurations = (
				4FCC592129F8602D003B87A8 /* Debug */,
				4FCC592229F8602D003B87A8 /* Release */,
			);
			defaultConfigurationIsVisible = 0;
			defaultConfigurationName = Release;
		};
		4FCC592329F8602D003B87A8 /* Build configuration list for PBXNativeTarget "FeedbackHub" */ = {
			isa = XCConfigurationList;
			buildConfigurations = (
				4FCC592429F8602D003B87A8 /* Debug */,
				4FCC592529F8602D003B87A8 /* Release */,
			);
			defaultConfigurationIsVisible = 0;
			defaultConfigurationName = Release;
		};
/* End XCConfigurationList section */

/* Begin XCVersionGroup section */
		4FCC592629F8627C003B87A8 /* Main.xcdatamodeld */ = {
			isa = XCVersionGroup;
			children = (
				4FCC592729F8627C003B87A8 /* Main.xcdatamodel */,
			);
			currentVersion = 4FCC592729F8627C003B87A8 /* Main.xcdatamodel */;
			path = Main.xcdatamodeld;
			sourceTree = "<group>";
			versionGroupType = wrapper.xcdatamodel;
		};
/* End XCVersionGroup section */
	};
	rootObject = 4FCC590C29F8602B003B87A8 /* Project object */;
}
